
Microsoft Visual Studio Solution File, Format Version 12.00
# Visual Studio Version 17
VisualStudioVersion = 17.5.33516.290
MinimumVisualStudioVersion = 10.0.40219.1
Project("{9A19103F-16F7-4668-BE54-9A1E7A4F7556}") = "DesafioBenner", "DesafioBenner\DesafioBenner.csproj", "{1F8D6FAC-6C73-4C88-ADC6-D981ECA845E9}"
EndProject
Project("{9A19103F-16F7-4668-BE54-9A1E7A4F7556}") = "Infrastructure", "Infrastructure\Infrastructure.csproj", "{2948F536-B2E4-490F-93DB-B46139E6BA47}"
EndProject
Project("{FAE04EC0-301F-11D3-BF4B-00C04F79EFBC}") = "Tests", "Test\Tests.csproj", "{5763CF3A-3690-4189-9D2B-6DBF2F06250D}"
EndProject
Global
	GlobalSection(SolutionConfigurationPlatforms) = preSolution
		Debug|Any CPU = Debug|Any CPU
		Release|Any CPU = Release|Any CPU
		Test|Any CPU = Test|Any CPU
	EndGlobalSection
	GlobalSection(ProjectConfigurationPlatforms) = postSolution
		{1F8D6FAC-6C73-4C88-ADC6-D981ECA845E9}.Debug|Any CPU.ActiveCfg = Debug|Any CPU
		{1F8D6FAC-6C73-4C88-ADC6-D981ECA845E9}.Debug|Any CPU.Build.0 = Debug|Any CPU
		{1F8D6FAC-6C73-4C88-ADC6-D981ECA845E9}.Release|Any CPU.ActiveCfg = Release|Any CPU
		{1F8D6FAC-6C73-4C88-ADC6-D981ECA845E9}.Release|Any CPU.Build.0 = Release|Any CPU
		{1F8D6FAC-6C73-4C88-ADC6-D981ECA845E9}.Test|Any CPU.ActiveCfg = Test|Any CPU
		{1F8D6FAC-6C73-4C88-ADC6-D981ECA845E9}.Test|Any CPU.Build.0 = Test|Any CPU
		{2948F536-B2E4-490F-93DB-B46139E6BA47}.Debug|Any CPU.ActiveCfg = Debug|Any CPU
		{2948F536-B2E4-490F-93DB-B46139E6BA47}.Debug|Any CPU.Build.0 = Debug|Any CPU
		{2948F536-B2E4-490F-93DB-B46139E6BA47}.Release|Any CPU.ActiveCfg = Release|Any CPU
		{2948F536-B2E4-490F-93DB-B46139E6BA47}.Release|Any CPU.Build.0 = Release|Any CPU
		{2948F536-B2E4-490F-93DB-B46139E6BA47}.Test|Any CPU.ActiveCfg = Test|Any CPU
		{2948F536-B2E4-490F-93DB-B46139E6BA47}.Test|Any CPU.Build.0 = Test|Any CPU
		{5763CF3A-3690-4189-9D2B-6DBF2F06250D}.Debug|Any CPU.ActiveCfg = Debug|Any CPU
		{5763CF3A-3690-4189-9D2B-6DBF2F06250D}.Debug|Any CPU.Build.0 = Debug|Any CPU
		{5763CF3A-3690-4189-9D2B-6DBF2F06250D}.Release|Any CPU.ActiveCfg = Release|Any CPU
		{5763CF3A-3690-4189-9D2B-6DBF2F06250D}.Release|Any CPU.Build.0 = Release|Any CPU
		{5763CF3A-3690-4189-9D2B-6DBF2F06250D}.Test|Any CPU.ActiveCfg = Debug|Any CPU
		{5763CF3A-3690-4189-9D2B-6DBF2F06250D}.Test|Any CPU.Build.0 = Debug|Any CPU
	EndGlobalSection
	GlobalSection(SolutionProperties) = preSolution
		HideSolutionNode = FALSE
	EndGlobalSection
	GlobalSection(ExtensibilityGlobals) = postSolution
		SolutionGuid = {5F88E26C-F7FF-4F87-8FA6-2AF53CFF9B85}
	EndGlobalSection
EndGlobal
